NeoBundleLock ack.vim 0a7d28bfb130696f73d122cac99d8903e066c896
NeoBundleLock ctrlp.vim 7f74368d85bb521951dd58123349ce66b947d058
NeoBundleLock neobundle.vim 08a64dc297ab30a93fee14082f567ec2045609ad
NeoBundleLock neomake 6342a7d7e09083a549800a3cdc0ef95358a73ba7
NeoBundleLock neosnippet-snippets 048a11d69748d8f9571d6f912588488a064e727c
NeoBundleLock neosnippet.vim 52f8a2948957018572760837c165113dbb450e2b
NeoBundleLock taglist.vim 53041fbc45398a9af631a20657e109707a455339
NeoBundleLock vim-airline dcfe24bc6db4c4d9b5e6f9d4282c29a6e150c76e
NeoBundleLock vim-better-whitespace c77ffda02d818e6f15d488ef96b11912a44e9285
NeoBundleLock vim-colors-solarized 528a59f26d12278698bb946f8fb82a63711eec21
NeoBundleLock vim-colorschemes 28a989b28457e38df620e4c7ab23e224aff70efe
NeoBundleLock vim-fugitive fd36aa9c61e06d71befdbe8931f97137c489b065
NeoBundleLock vim-gitgutter 4510e9b33506b4b09168c99934c42ee1ce89bba2
NeoBundleLock vim-go 3e26758b1421ae88a8750b7c1aeaf8324c6b4912
NeoBundleLock vimshell 3787e52766812d8b99a93ccdda57517bc2a0bab6
